
Microsoft Visual Studio Solution File, Format Version 12.00
# Visual Studio Version 16
VisualStudioVersion = 16.0.808.4
MinimumVisualStudioVersion = 10.0.40219.1
Project("{FAE04EC0-301F-11D3-BF4B-00C04F79EFBC}") = "FCMPushNotifications.Android", "FCMPushNotifications.Android\FCMPushNotifications.Android.csproj", "{9B558A6E-A04A-4FFF-89DB-2F76025F74AE}"
EndProject
Project("{FAE04EC0-301F-11D3-BF4B-00C04F79EFBC}") = "FCMPushNotifications.iOS", "FCMPushNotifications.iOS\FCMPushNotifications.iOS.csproj", "{09FEAD7F-2F8A-4E31-963F-FDDC70294E53}"
EndProject
Project("{FAE04EC0-301F-11D3-BF4B-00C04F79EFBC}") = "FCMPushNotifications", "FCMPushNotifications\FCMPushNotifications.csproj", "{245C1F0F-6CED-4EC4-8F10-07B2A78C3C1F}"
EndProject
Global
	GlobalSection(SolutionConfigurationPlatforms) = preSolution
		Debug|Any CPU = Debug|Any CPU
		Release|Any CPU = Release|Any CPU
		Debug|iPhoneSimulator = Debug|iPhoneSimulator
		Release|iPhoneSimulator = Release|iPhoneSimulator
		Debug|iPhone = Debug|iPhone
		Release|iPhone = Release|iPhone
	EndGlobalSection
	GlobalSection(ProjectConfigurationPlatforms) = postSolution
		{9B558A6E-A04A-4FFF-89DB-2F76025F74AE}.Debug|Any CPU.ActiveCfg = Debug|Any CPU
		{9B558A6E-A04A-4FFF-89DB-2F76025F74AE}.Debug|Any CPU.Build.0 = Debug|Any CPU
		{9B558A6E-A04A-4FFF-89DB-2F76025F74AE}.Release|Any CPU.ActiveCfg = Release|Any CPU
		{9B558A6E-A04A-4FFF-89DB-2F76025F74AE}.Release|Any CPU.Build.0 = Release|Any CPU
		{9B558A6E-A04A-4FFF-89DB-2F76025F74AE}.Debug|iPhoneSimulator.ActiveCfg = Debug|Any CPU
		{9B558A6E-A04A-4FFF-89DB-2F76025F74AE}.Debug|iPhoneSimulator.Build.0 = Debug|Any CPU
		{9B558A6E-A04A-4FFF-89DB-2F76025F74AE}.Release|iPhoneSimulator.ActiveCfg = Release|Any CPU
		{9B558A6E-A04A-4FFF-89DB-2F76025F74AE}.Release|iPhoneSimulator.Build.0 = Release|Any CPU
		{9B558A6E-A04A-4FFF-89DB-2F76025F74AE}.Debug|iPhone.ActiveCfg = Debug|Any CPU
		{9B558A6E-A04A-4FFF-89DB-2F76025F74AE}.Debug|iPhone.Build.0 = Debug|Any CPU
		{9B558A6E-A04A-4FFF-89DB-2F76025F74AE}.Release|iPhone.ActiveCfg = Release|Any CPU
		{9B558A6E-A04A-4FFF-89DB-2F76025F74AE}.Release|iPhone.Build.0 = Release|Any CPU
		{09FEAD7F-2F8A-4E31-963F-FDDC70294E53}.Debug|Any CPU.ActiveCfg = Debug|iPhoneSimulator
		{09FEAD7F-2F8A-4E31-963F-FDDC70294E53}.Debug|Any CPU.Build.0 = Debug|iPhoneSimulator
		{09FEAD7F-2F8A-4E31-963F-FDDC70294E53}.Release|Any CPU.ActiveCfg = Release|iPhoneSimulator
		{09FEAD7F-2F8A-4E31-963F-FDDC70294E53}.Release|Any CPU.Build.0 = Release|iPhoneSimulator
		{09FEAD7F-2F8A-4E31-963F-FDDC70294E53}.Debug|iPhoneSimulator.ActiveCfg = Debug|iPhoneSimulator
		{09FEAD7F-2F8A-4E31-963F-FDDC70294E53}.Debug|iPhoneSimulator.Build.0 = Debug|iPhoneSimulator
		{09FEAD7F-2F8A-4E31-963F-FDDC70294E53}.Release|iPhoneSimulator.ActiveCfg = Release|iPhoneSimulator
		{09FEAD7F-2F8A-4E31-963F-FDDC70294E53}.Release|iPhoneSimulator.Build.0 = Release|iPhoneSimulator
		{09FEAD7F-2F8A-4E31-963F-FDDC70294E53}.Debug|iPhone.ActiveCfg = Debug|iPhone
		{09FEAD7F-2F8A-4E31-963F-FDDC70294E53}.Debug|iPhone.Build.0 = Debug|iPhone
		{09FEAD7F-2F8A-4E31-963F-FDDC70294E53}.Release|iPhone.ActiveCfg = Release|iPhone
		{09FEAD7F-2F8A-4E31-963F-FDDC70294E53}.Release|iPhone.Build.0 = Release|iPhone
		{245C1F0F-6CED-4EC4-8F10-07B2A78C3C1F}.Debug|Any CPU.ActiveCfg = Debug|Any CPU
		{245C1F0F-6CED-4EC4-8F10-07B2A78C3C1F}.Debug|Any CPU.Build.0 = Debug|Any CPU
		{245C1F0F-6CED-4EC4-8F10-07B2A78C3C1F}.Release|Any CPU.ActiveCfg = Release|Any CPU
		{245C1F0F-6CED-4EC4-8F10-07B2A78C3C1F}.Release|Any CPU.Build.0 = Release|Any CPU
		{245C1F0F-6CED-4EC4-8F10-07B2A78C3C1F}.Debug|iPhoneSimulator.ActiveCfg = Debug|Any CPU
		{245C1F0F-6CED-4EC4-8F10-07B2A78C3C1F}.Debug|iPhoneSimulator.Build.0 = Debug|Any CPU
		{245C1F0F-6CED-4EC4-8F10-07B2A78C3C1F}.Release|iPhoneSimulator.ActiveCfg = Release|Any CPU
		{245C1F0F-6CED-4EC4-8F10-07B2A78C3C1F}.Release|iPhoneSimulator.Build.0 = Release|Any CPU
		{245C1F0F-6CED-4EC4-8F10-07B2A78C3C1F}.Debug|iPhone.ActiveCfg = Debug|Any CPU
		{245C1F0F-6CED-4EC4-8F10-07B2A78C3C1F}.Debug|iPhone.Build.0 = Debug|Any CPU
		{245C1F0F-6CED-4EC4-8F10-07B2A78C3C1F}.Release|iPhone.ActiveCfg = Release|Any CPU
		{245C1F0F-6CED-4EC4-8F10-07B2A78C3C1F}.Release|iPhone.Build.0 = Release|Any CPU
	EndGlobalSection
	GlobalSection(SolutionProperties) = preSolution
		HideSolutionNode = FALSE
	EndGlobalSection
	GlobalSection(ExtensibilityGlobals) = postSolution
		SolutionGuid = {7F25A281-FFB3-4C65-9628-F7FBD152438E}
	EndGlobalSection
EndGlobal
